
Microsoft Visual Studio Solution File, Format Version 12.00
# Visual Studio Version 17
VisualStudioVersion = 17.7.34031.279
MinimumVisualStudioVersion = 10.0.40219.1
Project("{FAE04EC0-301F-11D3-BF4B-00C04F79EFBC}") = "14thLesson_AbstractClasses_Interfaces", "14thLesson_AbstractClasses_Interfaces\14thLesson_AbstractClasses_Interfaces.csproj", "{4242F5AC-EAE3-4E6C-A0F1-5A2C5806ABCA}"
EndProject
Global
	GlobalSection(SolutionConfigurationPlatforms) = preSolution
		Debug|Any CPU = Debug|Any CPU
		Release|Any CPU = Release|Any CPU
	EndGlobalSection
	GlobalSection(ProjectConfigurationPlatforms) = postSolution
		{4242F5AC-EAE3-4E6C-A0F1-5A2C5806ABCA}.Debug|Any CPU.ActiveCfg = Debug|Any CPU
		{4242F5AC-EAE3-4E6C-A0F1-5A2C5806ABCA}.Debug|Any CPU.Build.0 = Debug|Any CPU
		{4242F5AC-EAE3-4E6C-A0F1-5A2C5806ABCA}.Release|Any CPU.ActiveCfg = Release|Any CPU
		{4242F5AC-EAE3-4E6C-A0F1-5A2C5806ABCA}.Release|Any CPU.Build.0 = Release|Any CPU
	EndGlobalSection
	GlobalSection(SolutionProperties) = preSolution
		HideSolutionNode = FALSE
	EndGlobalSection
	GlobalSection(ExtensibilityGlobals) = postSolution
		SolutionGuid = {7574B5DA-5A87-44B5-AA28-6376E971AE0D}
	EndGlobalSection
EndGlobal
